
Microsoft Visual Studio Solution File, Format Version 12.00
# Visual Studio Version 16
VisualStudioVersion = 16.0.32002.261
MinimumVisualStudioVersion = 10.0.40219.1
Project("{FAE04EC0-301F-11D3-BF4B-00C04F79EFBC}") = "SecondLessonProgramming", "SecondLessonProgramming\SecondLessonProgramming.csproj", "{09ACCE59-1F84-4FA5-9C1C-54691D8AB389}"
EndProject
Global
	GlobalSection(SolutionConfigurationPlatforms) = preSolution
		Debug|Any CPU = Debug|Any CPU
		Release|Any CPU = Release|Any CPU
	EndGlobalSection
	GlobalSection(ProjectConfigurationPlatforms) = postSolution
		{09ACCE59-1F84-4FA5-9C1C-54691D8AB389}.Debug|Any CPU.ActiveCfg = Debug|Any CPU
		{09ACCE59-1F84-4FA5-9C1C-54691D8AB389}.Debug|Any CPU.Build.0 = Debug|Any CPU
		{09ACCE59-1F84-4FA5-9C1C-54691D8AB389}.Release|Any CPU.ActiveCfg = Release|Any CPU
		{09ACCE59-1F84-4FA5-9C1C-54691D8AB389}.Release|Any CPU.Build.0 = Release|Any CPU
	EndGlobalSection
	GlobalSection(SolutionProperties) = preSolution
		HideSolutionNode = FALSE
	EndGlobalSection
	GlobalSection(ExtensibilityGlobals) = postSolution
		SolutionGuid = {D11AAAC7-090D-4748-8CE8-DAE1BE98372F}
	EndGlobalSection
EndGlobal
